
Microsoft Visual Studio Solution File, Format Version 12.00
# Visual Studio 15
VisualStudioVersion = 15.0.27130.2020
MinimumVisualStudioVersion = 10.0.40219.1
Project("{FAE04EC0-301F-11D3-BF4B-00C04F79EFBC}") = "Vertech", "Vertech\Vertech.csproj", "{DF19BA97-1C06-4040-90C2-72B5912283B5}"
EndProject
Project("{FAE04EC0-301F-11D3-BF4B-00C04F79EFBC}") = "iVesService", "iVesService\iVesService.csproj", "{6149ABAA-F033-4966-A40B-5CEA5B06AAF3}"
EndProject
Project("{54435603-DBB4-11D2-8724-00A0C9A8B90C}") = "Integrador Service", "iVes Setup\iVes Setup.vdproj", "{A01594D3-0875-4FD6-A577-C8E2A50023DA}"
EndProject
Global
	GlobalSection(SolutionConfigurationPlatforms) = preSolution
		Debug|Any CPU = Debug|Any CPU
		Release|Any CPU = Release|Any CPU
	EndGlobalSection
	GlobalSection(ProjectConfigurationPlatforms) = postSolution
		{DF19BA97-1C06-4040-90C2-72B5912283B5}.Debug|Any CPU.ActiveCfg = Debug|Any CPU
		{DF19BA97-1C06-4040-90C2-72B5912283B5}.Debug|Any CPU.Build.0 = Debug|Any CPU
		{DF19BA97-1C06-4040-90C2-72B5912283B5}.Release|Any CPU.ActiveCfg = Release|Any CPU
		{DF19BA97-1C06-4040-90C2-72B5912283B5}.Release|Any CPU.Build.0 = Release|Any CPU
		{6149ABAA-F033-4966-A40B-5CEA5B06AAF3}.Debug|Any CPU.ActiveCfg = Debug|Any CPU
		{6149ABAA-F033-4966-A40B-5CEA5B06AAF3}.Debug|Any CPU.Build.0 = Debug|Any CPU
		{6149ABAA-F033-4966-A40B-5CEA5B06AAF3}.Release|Any CPU.ActiveCfg = Release|Any CPU
		{6149ABAA-F033-4966-A40B-5CEA5B06AAF3}.Release|Any CPU.Build.0 = Release|Any CPU
		{A01594D3-0875-4FD6-A577-C8E2A50023DA}.Debug|Any CPU.ActiveCfg = Debug
		{A01594D3-0875-4FD6-A577-C8E2A50023DA}.Debug|Any CPU.Build.0 = Debug
		{A01594D3-0875-4FD6-A577-C8E2A50023DA}.Release|Any CPU.ActiveCfg = Release
		{A01594D3-0875-4FD6-A577-C8E2A50023DA}.Release|Any CPU.Build.0 = Release
	EndGlobalSection
	GlobalSection(SolutionProperties) = preSolution
		HideSolutionNode = FALSE
	EndGlobalSection
	GlobalSection(ExtensibilityGlobals) = postSolution
		SolutionGuid = {AB7C771C-5778-499D-B625-3EFBB22C77CA}
	EndGlobalSection
EndGlobal
